
Microsoft Visual Studio Solution File, Format Version 12.00
# Visual Studio Version 17
VisualStudioVersion = 17.0.32112.339
MinimumVisualStudioVersion = 10.0.40219.1
Project("{FAE04EC0-301F-11D3-BF4B-00C04F79EFBC}") = "VT_Personae", "VT_Personae.csproj", "{C4D6F498-6FD1-471A-9BEA-F62D878367FC}"
EndProject
Global
	GlobalSection(SolutionConfigurationPlatforms) = preSolution
		Debug|Any CPU = Debug|Any CPU
		Release|Any CPU = Release|Any CPU
	EndGlobalSection
	GlobalSection(ProjectConfigurationPlatforms) = postSolution
		{C4D6F498-6FD1-471A-9BEA-F62D878367FC}.Debug|Any CPU.ActiveCfg = Debug|Any CPU
		{C4D6F498-6FD1-471A-9BEA-F62D878367FC}.Debug|Any CPU.Build.0 = Debug|Any CPU
		{C4D6F498-6FD1-471A-9BEA-F62D878367FC}.Release|Any CPU.ActiveCfg = Release|Any CPU
		{C4D6F498-6FD1-471A-9BEA-F62D878367FC}.Release|Any CPU.Build.0 = Release|Any CPU
	EndGlobalSection
	GlobalSection(SolutionProperties) = preSolution
		HideSolutionNode = FALSE
	EndGlobalSection
	GlobalSection(ExtensibilityGlobals) = postSolution
		SolutionGuid = {695500FA-F34A-43FC-B14E-735478516EA6}
	EndGlobalSection
EndGlobal
